# THIS IS AN AUTOGENERATED FILE. DO NOT EDIT THIS FILE DIRECTLY.
# yarn lockfile v1


"@minecraft/common@^1.1.0":
  version "1.2.0"
  resolved "https://registry.yarnpkg.com/@minecraft/common/-/common-1.2.0.tgz#a00d4130dcd5084dfd30e85e108c6d58eae8358b"
  integrity sha512-JdmEq4P3Z/FtoBzhLijFgMSVFnFRrUoLwY8DHHrgtFo0mfLTOLTB1RErYjLMsA6b7BGVNxkX/pfFRiH7QZ0XwQ==

"@minecraft/server-ui@^1.1.0":
  version "1.1.0"
  resolved "https://registry.yarnpkg.com/@minecraft/server-ui/-/server-ui-1.1.0.tgz#d8197d6dff079ba0abdbf264e4f9f2aaca9f9ed6"
  integrity sha512-Gnf+GHjjT4VFoXEt7qjrfDRipDgc93YcXbgTmdPTQ5Og3DIRD003ahH97tGMZmeNdsB+ymvAquf+o2o9W2pDjw==
  dependencies:
    "@minecraft/server" "^1.2.0"

"@minecraft/server@^1.2.0", "@minecraft/server@^1.9.0":
  version "1.9.0"
  resolved "https://registry.yarnpkg.com/@minecraft/server/-/server-1.9.0.tgz#6f360cbe375b85c4ead3ef1456d2c9a411fbc763"
  integrity sha512-PhOLfCYM83t24TY3+8WA5zCRGCyG/89VC6ZSi4Ye92QZORC/0Td5JIh2ctJtUhAiYCbct/Ph/Of3BCi8/itr6A==
  dependencies:
    "@minecraft/common" "^1.1.0"

"@react-facet/core@^0.5.4":
  version "0.5.4"
  resolved "https://registry.yarnpkg.com/@react-facet/core/-/core-0.5.4.tgz#0862688be0d36c62942d1e5df6af82300634a7e8"
  integrity sha512-QCWXOKjF5xXyWnmqgBsPULgPUTmPXon+/lUmj+1EgldPvHYrkfZ19CHEHqqigqdnwUsHM54v23mFqpwjdsCMvg==

"@react-facet/dom-fiber@^0.5.4":
  version "0.5.4"
  resolved "https://registry.yarnpkg.com/@react-facet/dom-fiber/-/dom-fiber-0.5.4.tgz#dbd503e77d3aa432822cc662c628b20f166638ea"
  integrity sha512-cKAkcHrzkik2WqSXkyUo3R8V3HlKrwiSRxhvPoNioDlJiJXrnQNfZ/Gj+idBymvNJpi1ZcNf0uP+rwYPfvrmwg==
  dependencies:
    react-reconciler "^0.24.0"

"js-tokens@^3.0.0 || ^4.0.0":
  version "4.0.0"
  resolved "https://registry.yarnpkg.com/js-tokens/-/js-tokens-4.0.0.tgz#19203fb59991df98e3a287050d4647cdeaf32499"
  integrity sha512-RdJUflcE3cUzKiMqQgsCu06FPu9UdIJO0beYbPhHN4k6apgJtifcoCtT9bcxOpYBtpD2kCM6Sbzg4CausW/PKQ==

loose-envify@^1.1.0, loose-envify@^1.4.0:
  version "1.4.0"
  resolved "https://registry.yarnpkg.com/loose-envify/-/loose-envify-1.4.0.tgz#71ee51fa7be4caec1a63839f7e682d8132d30caf"
  integrity sha512-lyuxPGr/Wfhrlem2CL/UcnUc1zcqKAImBDzukY7Y5F/yQiNdko6+fRLevlw1HgMySw7f611UIY408EtxRSoK3Q==
  dependencies:
    js-tokens "^3.0.0 || ^4.0.0"

object-assign@^4.1.1:
  version "4.1.1"
  resolved "https://registry.yarnpkg.com/object-assign/-/object-assign-4.1.1.tgz#2109adc7965887cfc05cbbd442cac8bfbb360863"
  integrity sha512-rJgTQnkUnH1sFw8yT6VSU3zD3sWmu6sZhIseY8VX+GRu3P6F7Fu+JNDoXfklElbLJSnc3FUQHVe4cU5hj+BcUg==

prop-types@^15.6.2:
  version "15.8.1"
  resolved "https://registry.yarnpkg.com/prop-types/-/prop-types-15.8.1.tgz#67d87bf1a694f48435cf332c24af10214a3140b5"
  integrity sha512-oj87CgZICdulUohogVAR7AjlC0327U4el4L6eAvOqCeudMDVU0NThNaV+b9Df4dXgSP1gXMTnPdhfe/2qDH5cg==
  dependencies:
    loose-envify "^1.4.0"
    object-assign "^4.1.1"
    react-is "^16.13.1"

react-is@^16.13.1:
  version "16.13.1"
  resolved "https://registry.yarnpkg.com/react-is/-/react-is-16.13.1.tgz#789729a4dc36de2999dc156dd6c1d9c18cea56a4"
  integrity sha512-24e6ynE2H+OKt4kqsOvNd8kBpV65zoxbA4BVsEOB3ARVWQki/DHzaUoC5KuON/BiccDaCCTZBuOcfZs70kR8bQ==

react-reconciler@^0.24.0:
  version "0.24.0"
  resolved "https://registry.yarnpkg.com/react-reconciler/-/react-reconciler-0.24.0.tgz#5a396b2c2f5efe8554134a5935f49f546723f2dd"
  integrity sha512-gAGnwWkf+NOTig9oOowqid9O0HjTDC+XVGBCAmJYYJ2A2cN/O4gDdIuuUQjv8A4v6GDwVfJkagpBBLW5OW9HSw==
  dependencies:
    loose-envify "^1.1.0"
    object-assign "^4.1.1"
    prop-types "^15.6.2"
    scheduler "^0.18.0"

scheduler@^0.18.0:
  version "0.18.0"
  resolved "https://registry.yarnpkg.com/scheduler/-/scheduler-0.18.0.tgz#5901ad6659bc1d8f3fdaf36eb7a67b0d6746b1c4"
  integrity sha512-agTSHR1Nbfi6ulI0kYNK0203joW2Y5W4po4l+v03tOoiJKpTBbxpNhWDvqc/4IcOw+KLmSiQLTasZ4cab2/UWQ==
  dependencies:
    loose-envify "^1.1.0"
    object-assign "^4.1.1"
